
Microsoft Visual Studio Solution File, Format Version 12.00
Project("{FAE04EC0-301F-11D3-BF4B-00C04F79EFBC}") = "HelsiListOfTasks.WebApi", "HelsiListOfTasks.WebApi\HelsiListOfTasks.WebApi.csproj", "{2B358173-D77E-45E9-B921-9E257A88DC12}"
EndProject
Project("{FAE04EC0-301F-11D3-BF4B-00C04F79EFBC}") = "HelsiListOfTasks.Domain", "HelsiListOfTasks.Domain\HelsiListOfTasks.Domain.csproj", "{207CF253-06B2-4B63-8639-117B1857E517}"
EndProject
Project("{FAE04EC0-301F-11D3-BF4B-00C04F79EFBC}") = "HelsiListOfTasks.Infrastructure", "HelsiListOfTasks.Infrastructure\HelsiListOfTasks.Infrastructure.csproj", "{8DFB6339-6D14-42EF-BF3E-2B3F7E2800B5}"
EndProject
Project("{FAE04EC0-301F-11D3-BF4B-00C04F79EFBC}") = "HelsiListOfTasks.Tests", "HelsiListOfTasks.Tests\HelsiListOfTasks.Tests.csproj", "{95BFE5F8-6E3F-46FE-AAF0-F3FEC7E4496E}"
EndProject
Project("{FAE04EC0-301F-11D3-BF4B-00C04F79EFBC}") = "HelsiListOfTasks.Application", "HelsiListOfTasks.Application\HelsiListOfTasks.Application.csproj", "{25556100-F283-489F-9ED9-A46FB1978824}"
EndProject
Global
	GlobalSection(SolutionConfigurationPlatforms) = preSolution
		Debug|Any CPU = Debug|Any CPU
		Release|Any CPU = Release|Any CPU
	EndGlobalSection
	GlobalSection(ProjectConfigurationPlatforms) = postSolution
		{2B358173-D77E-45E9-B921-9E257A88DC12}.Debug|Any CPU.ActiveCfg = Debug|Any CPU
		{2B358173-D77E-45E9-B921-9E257A88DC12}.Debug|Any CPU.Build.0 = Debug|Any CPU
		{2B358173-D77E-45E9-B921-9E257A88DC12}.Release|Any CPU.ActiveCfg = Release|Any CPU
		{2B358173-D77E-45E9-B921-9E257A88DC12}.Release|Any CPU.Build.0 = Release|Any CPU
		{207CF253-06B2-4B63-8639-117B1857E517}.Debug|Any CPU.ActiveCfg = Debug|Any CPU
		{207CF253-06B2-4B63-8639-117B1857E517}.Debug|Any CPU.Build.0 = Debug|Any CPU
		{207CF253-06B2-4B63-8639-117B1857E517}.Release|Any CPU.ActiveCfg = Release|Any CPU
		{207CF253-06B2-4B63-8639-117B1857E517}.Release|Any CPU.Build.0 = Release|Any CPU
		{8DFB6339-6D14-42EF-BF3E-2B3F7E2800B5}.Debug|Any CPU.ActiveCfg = Debug|Any CPU
		{8DFB6339-6D14-42EF-BF3E-2B3F7E2800B5}.Debug|Any CPU.Build.0 = Debug|Any CPU
		{8DFB6339-6D14-42EF-BF3E-2B3F7E2800B5}.Release|Any CPU.ActiveCfg = Release|Any CPU
		{8DFB6339-6D14-42EF-BF3E-2B3F7E2800B5}.Release|Any CPU.Build.0 = Release|Any CPU
		{95BFE5F8-6E3F-46FE-AAF0-F3FEC7E4496E}.Debug|Any CPU.ActiveCfg = Debug|Any CPU
		{95BFE5F8-6E3F-46FE-AAF0-F3FEC7E4496E}.Debug|Any CPU.Build.0 = Debug|Any CPU
		{95BFE5F8-6E3F-46FE-AAF0-F3FEC7E4496E}.Release|Any CPU.ActiveCfg = Release|Any CPU
		{95BFE5F8-6E3F-46FE-AAF0-F3FEC7E4496E}.Release|Any CPU.Build.0 = Release|Any CPU
		{25556100-F283-489F-9ED9-A46FB1978824}.Debug|Any CPU.ActiveCfg = Debug|Any CPU
		{25556100-F283-489F-9ED9-A46FB1978824}.Debug|Any CPU.Build.0 = Debug|Any CPU
		{25556100-F283-489F-9ED9-A46FB1978824}.Release|Any CPU.ActiveCfg = Release|Any CPU
		{25556100-F283-489F-9ED9-A46FB1978824}.Release|Any CPU.Build.0 = Release|Any CPU
	EndGlobalSection
EndGlobal
